# This file is @generated by PDM.
# It is not intended for manual editing.

[metadata]
groups = ["default"]
strategy = ["inherit_metadata"]
lock_version = "4.5.0"
content_hash = "sha256:ddc45d338e8df6871edc4ec7623757f0d20ba0f38858b088adb24635783031b3"

[[metadata.targets]]
requires_python = "==3.10.*"

[[package]]
name = "country-converter"
version = "1.3.2"
requires_python = "<4.0,>=3.9"
summary = "The country converter (coco) - a Python package for converting country names between different classifications schemes"
groups = ["default"]
dependencies = [
    "pandas>=1.0",
]
files = [
    {file = "country_converter-1.3.2-py3-none-any.whl", hash = "sha256:50ef52b71daaf14220d2ba9a4eef1c335146793a051376de58e8a581fa448120"},
    {file = "country_converter-1.3.2.tar.gz", hash = "sha256:60606938da156b0c611fcb5e33ee60f5a1d582e98a9e7911c7f0084feb7659f6"},
]

[[package]]
name = "geonamescache"
version = "3.0.1"
requires_python = ">=3.10"
summary = "Geonames data for continents, cities and US states."
groups = ["default"]
dependencies = [
    "typing-extensions",
]
files = [
    {file = "geonamescache-3.0.1-py3-none-any.whl", hash = "sha256:959d9d850d822f3c16eb7272d476415e42074aa33f1ea85bc2b7cb43b6751c84"},
    {file = "geonamescache-3.0.1.tar.gz", hash = "sha256:b13fa9ef846304961e623e08938177a72bfb6e02f681060cd3078dd89bf3e962"},
]

[[package]]
name = "numpy"
version = "2.2.6"
requires_python = ">=3.10"
summary = "Fundamental package for array computing in Python"
groups = ["default"]
marker = "python_version < \"3.11\""
files = [
    {file = "numpy-2.2.6-cp310-cp310-macosx_10_9_x86_64.whl", hash = "sha256:b412caa66f72040e6d268491a59f2c43bf03eb6c96dd8f0307829feb7fa2b6fb"},
    {file = "numpy-2.2.6-cp310-cp310-macosx_11_0_arm64.whl", hash = "sha256:8e41fd67c52b86603a91c1a505ebaef50b3314de0213461c7a6e99c9a3beff90"},
    {file = "numpy-2.2.6-cp310-cp310-macosx_14_0_arm64.whl", hash = "sha256:37e990a01ae6ec7fe7fa1c26c55ecb672dd98b19c3d0e1d1f326fa13cb38d163"},
    {file = "numpy-2.2.6-cp310-cp310-macosx_14_0_x86_64.whl", hash = "sha256:5a6429d4be8ca66d889b7cf70f536a397dc45ba6faeb5f8c5427935d9592e9cf"},
    {file = "numpy-2.2.6-cp310-cp310-manylinux_2_17_aarch64.manylinux2014_aarch64.whl", hash = "sha256:efd28d4e9cd7d7a8d39074a4d44c63eda73401580c5c76acda2ce969e0a38e83"},
    {file = "numpy-2.2.6-cp310-cp310-manylinux_2_17_x86_64.manylinux2014_x86_64.whl", hash = "sha256:fc7b73d02efb0e18c000e9ad8b83480dfcd5dfd11065997ed4c6747470ae8915"},
    {file = "numpy-2.2.6-cp310-cp310-musllinux_1_2_aarch64.whl", hash = "sha256:74d4531beb257d2c3f4b261bfb0fc09e0f9ebb8842d82a7b4209415896adc680"},
    {file = "numpy-2.2.6-cp310-cp310-musllinux_1_2_x86_64.whl", hash = "sha256:8fc377d995680230e83241d8a96def29f204b5782f371c532579b4f20607a289"},
    {file = "numpy-2.2.6-cp310-cp310-win32.whl", hash = "sha256:b093dd74e50a8cba3e873868d9e93a85b78e0daf2e98c6797566ad8044e8363d"},
    {file = "numpy-2.2.6-cp310-cp310-win_amd64.whl", hash = "sha256:f0fd6321b839904e15c46e0d257fdd101dd7f530fe03fd6359c1ea63738703f3"},
    {file = "numpy-2.2.6-pp310-pypy310_pp73-macosx_10_15_x86_64.whl", hash = "sha256:0b605b275d7bd0c640cad4e5d30fa701a8d59302e127e5f79138ad62762c3e3d"},
    {file = "numpy-2.2.6-pp310-pypy310_pp73-macosx_14_0_x86_64.whl", hash = "sha256:7befc596a7dc9da8a337f79802ee8adb30a552a94f792b9c9d18c840055907db"},
    {file = "numpy-2.2.6-pp310-pypy310_pp73-manylinux_2_17_x86_64.manylinux2014_x86_64.whl", hash = "sha256:ce47521a4754c8f4593837384bd3424880629f718d87c5d44f8ed763edd63543"},
    {file = "numpy-2.2.6-pp310-pypy310_pp73-win_amd64.whl", hash = "sha256:d042d24c90c41b54fd506da306759e06e568864df8ec17ccc17e9e884634fd00"},
    {file = "numpy-2.2.6.tar.gz", hash = "sha256:e29554e2bef54a90aa5cc07da6ce955accb83f21ab5de01a62c8478897b264fd"},
]

[[package]]
name = "pandas"
version = "2.3.3"
requires_python = ">=3.9"
summary = "Powerful data structures for data analysis, time series, and statistics"
groups = ["default"]
dependencies = [
    "numpy>=1.22.4; python_version < \"3.11\"",
    "numpy>=1.23.2; python_version == \"3.11\"",
    "numpy>=1.26.0; python_version >= \"3.12\"",
    "python-dateutil>=2.8.2",
    "pytz>=2020.1",
    "tzdata>=2022.7",
]
files = [
    {file = "pandas-2.3.3-cp310-cp310-macosx_10_9_x86_64.whl", hash = "sha256:376c6446ae31770764215a6c937f72d917f214b43560603cd60da6408f183b6c"},
    {file = "pandas-2.3.3-cp310-cp310-macosx_11_0_arm64.whl", hash = "sha256:e19d192383eab2f4ceb30b412b22ea30690c9e618f78870357ae1d682912015a"},
    {file = "pandas-2.3.3-cp310-cp310-manylinux_2_24_aarch64.manylinux_2_28_aarch64.whl", hash = "sha256:5caf26f64126b6c7aec964f74266f435afef1c1b13da3b0636c7518a1fa3e2b1"},
    {file = "pandas-2.3.3-cp310-cp310-manylinux_2_24_x86_64.manylinux_2_28_x86_64.whl", hash = "sha256:dd7478f1463441ae4ca7308a70e90b33470fa593429f9d4c578dd00d1fa78838"},
    {file = "pandas-2.3.3-cp310-cp310-musllinux_1_2_aarch64.whl", hash = "sha256:4793891684806ae50d1288c9bae9330293ab4e083ccd1c5e383c34549c6e4250"},
    {file = "pandas-2.3.3-cp310-cp310-musllinux_1_2_x86_64.whl", hash = "sha256:28083c648d9a99a5dd035ec125d42439c6c1c525098c58af0fc38dd1a7a1b3d4"},
    {file = "pandas-2.3.3-cp310-cp310-win_amd64.whl", hash = "sha256:503cf027cf9940d2ceaa1a93cfb5f8c8c7e6e90720a2850378f0b3f3b1e06826"},
    {file = "pandas-2.3.3.tar.gz", hash = "sha256:e05e1af93b977f7eafa636d043f9f94c7ee3ac81af99c13508215942e64c993b"},
]

[[package]]
name = "pycountry"
version = "26.2.16"
requires_python = ">=3.10"
summary = "ISO country, subdivision, language, currency and script definitions and their translations"
groups = ["default"]
files = [
    {file = "pycountry-26.2.16-py3-none-any.whl", hash = "sha256:115c4baf7cceaa30f59a4694d79483c9167dbce7a9de4d3d571c5f3ea77c305a"},
    {file = "pycountry-26.2.16.tar.gz", hash = "sha256:5b6027d453fcd6060112b951dd010f01f168b51b4bf8a1f1fc8c95c8d94a0801"},
]

[[package]]
name = "python-dateutil"
version = "2.9.0.post0"
requires_python = "!=3.0.*,!=3.1.*,!=3.2.*,>=2.7"
summary = "Extensions to the standard Python datetime module"
groups = ["default"]
dependencies = [
    "six>=1.5",
]
files = [
    {file = "python-dateutil-2.9.0.post0.tar.gz", hash = "sha256:37dd54208da7e1cd875388217d5e00ebd4179249f90fb72437e91a35459a0ad3"},
    {file = "python_dateutil-2.9.0.post0-py2.py3-none-any.whl", hash = "sha256:a8b2bc7bffae282281c8140a97d3aa9c14da0b136dfe83f850eea9a5f7470427"},
]

[[package]]
name = "pytz"
version = "2026.1.post1"
summary = "World timezone definitions, modern and historical"
groups = ["default"]
files = [
    {file = "pytz-2026.1.post1-py2.py3-none-any.whl", hash = "sha256:f2fd16142fda348286a75e1a524be810bb05d444e5a081f37f7affc635035f7a"},
    {file = "pytz-2026.1.post1.tar.gz", hash = "sha256:3378dde6a0c3d26719182142c56e60c7f9af7e968076f31aae569d72a0358ee1"},
]

[[package]]
name = "rapidfuzz"
version = "3.14.5"
requires_python = ">=3.10"
summary = "rapid fuzzy string matching"
groups = ["default"]
files = [
    {file = "rapidfuzz-3.14.5-cp310-cp310-macosx_10_9_x86_64.whl", hash = "sha256:071d96b957a33b9296b9284b6350a0fb6d030b154a04efd7c15e56b98b79a517"},
    {file = "rapidfuzz-3.14.5-cp310-cp310-macosx_11_0_arm64.whl", hash = "sha256:667f40fe9c81ad129b198d236881b00dd9e8314d9cc72d03c3e16bdfe5879051"},
    {file = "rapidfuzz-3.14.5-cp310-cp310-manylinux_2_26_aarch64.manylinux_2_28_aarch64.whl", hash = "sha256:f9fff308486bbd2c8c24f25e8e152c7594d3fe8db265a2d6a1ce24d58671127f"},
    {file = "rapidfuzz-3.14.5-cp310-cp310-manylinux_2_27_x86_64.manylinux_2_28_x86_64.whl", hash = "sha256:dfa552338f51aec280f17b02d28bace1e162d1a84ccd80e3339a57f98aedb56b"},
    {file = "rapidfuzz-3.14.5-cp310-cp310-manylinux_2_39_riscv64.whl", hash = "sha256:068b3e965ca9d9ee4debe40001ae7c3938ba646308afd33cf0c66618147db65c"},
    {file = "rapidfuzz-3.14.5-cp310-cp310-musllinux_1_2_aarch64.whl", hash = "sha256:88b7d31ff1cc5e9bc0e4406e6b1fa00b6d37163d50bb58091e9b976ff1129faa"},
    {file = "rapidfuzz-3.14.5-cp310-cp310-musllinux_1_2_riscv64.whl", hash = "sha256:eacb434410b8d9ca99a8d42352ef085cf423e3c76c1f0b86be2fcba3bff2952c"},
    {file = "rapidfuzz-3.14.5-cp310-cp310-musllinux_1_2_x86_64.whl", hash = "sha256:649712823f3abcdc48427147a5384fac15623ba435d0013959b52e6462521397"},
    {file = "rapidfuzz-3.14.5-cp310-cp310-win32.whl", hash = "sha256:13cb79c23ef5516e4c4e3830877be8b19aa75203636be1163d690d37803f6504"},
    {file = "rapidfuzz-3.14.5-cp310-cp310-win_amd64.whl", hash = "sha256:f2073495a7f9b75e57e600747ac09510d67683fd64d3228e009740b7ef88f9fe"},
    {file = "rapidfuzz-3.14.5-cp310-cp310-win_arm64.whl", hash = "sha256:8166efddea49fdbc61185559f47593239e4794fd7c9044dd5a789d1a90af852d"},
    {file = "rapidfuzz-3.14.5.tar.gz", hash = "sha256:ba10ac57884ce82112f7ed910b67e7fb6072d8ef2c06e30dc63c0f604a112e0e"},
]

[[package]]
name = "six"
version = "1.17.0"
requires_python = "!=3.0.*,!=3.1.*,!=3.2.*,>=2.7"
summary = "Python 2 and 3 compatibility utilities"
groups = ["default"]
files = [
    {file = "six-1.17.0-py2.py3-none-any.whl", hash = "sha256:4721f391ed90541fddacab5acf947aa0d3dc7d27b2e1e8eda2be8970586c3274"},
    {file = "six-1.17.0.tar.gz", hash = "sha256:ff70335d468e7eb6ec65b95b99d3a2836546063f63acc5171de367e834932a81"},
]

[[package]]
name = "thefuzz"
version = "0.22.1"
requires_python = ">=3.8"
summary = "Fuzzy string matching in python"
groups = ["default"]
dependencies = [
    "rapidfuzz<4.0.0,>=3.0.0",
]
files = [
    {file = "thefuzz-0.22.1-py3-none-any.whl", hash = "sha256:59729b33556850b90e1093c4cf9e618af6f2e4c985df193fdf3c5b5cf02ca481"},
    {file = "thefuzz-0.22.1.tar.gz", hash = "sha256:7138039a7ecf540da323792d8592ef9902b1d79eb78c147d4f20664de79f3680"},
]

[[package]]
name = "thefuzz"
version = "0.22.1"
extras = ["speedup"]
requires_python = ">=3.8"
summary = "Fuzzy string matching in python"
groups = ["default"]
dependencies = [
    "thefuzz==0.22.1",
]
files = [
    {file = "thefuzz-0.22.1-py3-none-any.whl", hash = "sha256:59729b33556850b90e1093c4cf9e618af6f2e4c985df193fdf3c5b5cf02ca481"},
    {file = "thefuzz-0.22.1.tar.gz", hash = "sha256:7138039a7ecf540da323792d8592ef9902b1d79eb78c147d4f20664de79f3680"},
]

[[package]]
name = "typing-extensions"
version = "4.15.0"
requires_python = ">=3.9"
summary = "Backported and Experimental Type Hints for Python 3.9+"
groups = ["default"]
files = [
    {file = "typing_extensions-4.15.0-py3-none-any.whl", hash = "sha256:f0fa19c6845758ab08074a0cfa8b7aecb71c999ca73d62883bc25cc018c4e548"},
    {file = "typing_extensions-4.15.0.tar.gz", hash = "sha256:0cea48d173cc12fa28ecabc3b837ea3cf6f38c6d1136f85cbaaf598984861466"},
]

[[package]]
name = "tzdata"
version = "2026.1"
requires_python = ">=2"
summary = "Provider of IANA time zone data"
groups = ["default"]
files = [
    {file = "tzdata-2026.1-py2.py3-none-any.whl", hash = "sha256:4b1d2be7ac37ceafd7327b961aa3a54e467efbdb563a23655fbfe0d39cfc42a9"},
    {file = "tzdata-2026.1.tar.gz", hash = "sha256:67658a1903c75917309e753fdc349ac0efd8c27db7a0cb406a25be4840f87f98"},
]
